
Microsoft Visual Studio Solution File, Format Version 12.00
# Visual Studio 15
VisualStudioVersion = 15.0.28010.2048
MinimumVisualStudioVersion = 10.0.40219.1
Project("{FAE04EC0-301F-11D3-BF4B-00C04F79EFBC}") = "ConsoleCoreApp", "ConsoleCoreApp\ConsoleCoreApp.csproj", "{8FD5B015-4F59-477B-B204-1A9421FC3B0C}"
EndProject
Global
	GlobalSection(SolutionConfigurationPlatforms) = preSolution
		Debug|Any CPU = Debug|Any CPU
		Release|Any CPU = Release|Any CPU
	EndGlobalSection
	GlobalSection(ProjectConfigurationPlatforms) = postSolution
		{8FD5B015-4F59-477B-B204-1A9421FC3B0C}.Debug|Any CPU.ActiveCfg = Debug|Any CPU
		{8FD5B015-4F59-477B-B204-1A9421FC3B0C}.Debug|Any CPU.Build.0 = Debug|Any CPU
		{8FD5B015-4F59-477B-B204-1A9421FC3B0C}.Release|Any CPU.ActiveCfg = Release|Any CPU
		{8FD5B015-4F59-477B-B204-1A9421FC3B0C}.Release|Any CPU.Build.0 = Release|Any CPU
	EndGlobalSection
	GlobalSection(SolutionProperties) = preSolution
		HideSolutionNode = FALSE
	EndGlobalSection
	GlobalSection(ExtensibilityGlobals) = postSolution
		SolutionGuid = {62A2E8A4-1A58-446A-A9FA-65A3082E0139}
	EndGlobalSection
EndGlobal
